Microsoft Visual Studio Solution File, Format Version 12.00
# Visual Studio Version 17
VisualStudioVersion = 17.14.36127.28
MinimumVisualStudioVersion = 10.0.40219.1
Project("{FAE04EC0-301F-11D3-BF4B-00C04F79EFBC}") = "Baluma.Emblue.ApiConsumer.App", "src/Baluma.Emblue.ApiConsumer.App/Baluma.Emblue.ApiConsumer.App.csproj", "{DE6B74E6-9324-4E1B-A32E-2AE4B4BF1D59}"
EndProject
Global
    GlobalSection(SolutionConfigurationPlatforms) = preSolution
        Debug|Any CPU = Debug|Any CPU
        Release|Any CPU = Release|Any CPU
    EndGlobalSection
    GlobalSection(ProjectConfigurationPlatforms) = postSolution
        {DE6B74E6-9324-4E1B-A32E-2AE4B4BF1D59}.Debug|Any CPU.ActiveCfg = Debug|Any CPU
        {DE6B74E6-9324-4E1B-A32E-2AE4B4BF1D59}.Debug|Any CPU.Build.0 = Debug|Any CPU
        {DE6B74E6-9324-4E1B-A32E-2AE4B4BF1D59}.Release|Any CPU.ActiveCfg = Release|Any CPU
        {DE6B74E6-9324-4E1B-A32E-2AE4B4BF1D59}.Release|Any CPU.Build.0 = Release|Any CPU
    EndGlobalSection
    GlobalSection(SolutionProperties) = preSolution
        HideSolutionNode = FALSE
    EndGlobalSection
    GlobalSection(ExtensibilityGlobals) = postSolution
        SolutionGuid = {1B61A09B-6BD2-402E-9565-9BB6CCD637A0}
    EndGlobalSection
EndGlobal
