
Microsoft Visual Studio Solution File, Format Version 12.00
# Visual Studio Version 17
VisualStudioVersion = 17.14.36127.28 d17.14
MinimumVisualStudioVersion = 10.0.40219.1
Project("{FAE04EC0-301F-11D3-BF4B-00C04F79EFBC}") = "Baluma.Emblue.ApiConsumer.App", "Baluma.Emblue.ApiConsumer.App.csproj", "{3694FC00-4318-4CEF-8C5E-7D5DAEA07B28}"
EndProject
Global
	GlobalSection(SolutionConfigurationPlatforms) = preSolution
		Debug|Any CPU = Debug|Any CPU
		Release|Any CPU = Release|Any CPU
	EndGlobalSection
	GlobalSection(ProjectConfigurationPlatforms) = postSolution
		{3694FC00-4318-4CEF-8C5E-7D5DAEA07B28}.Debug|Any CPU.ActiveCfg = Debug|Any CPU
		{3694FC00-4318-4CEF-8C5E-7D5DAEA07B28}.Debug|Any CPU.Build.0 = Debug|Any CPU
		{3694FC00-4318-4CEF-8C5E-7D5DAEA07B28}.Release|Any CPU.ActiveCfg = Release|Any CPU
		{3694FC00-4318-4CEF-8C5E-7D5DAEA07B28}.Release|Any CPU.Build.0 = Release|Any CPU
	EndGlobalSection
	GlobalSection(SolutionProperties) = preSolution
		HideSolutionNode = FALSE
	EndGlobalSection
	GlobalSection(ExtensibilityGlobals) = postSolution
		SolutionGuid = {B445905C-F61B-4CFE-A92A-4BEB7BE79135}
	EndGlobalSection
EndGlobal
